
Microsoft Visual Studio Solution File, Format Version 12.00
# Visual Studio Version 16
VisualStudioVersion = 16.0.29920.165
MinimumVisualStudioVersion = 10.0.40219.1
Project("{FAE04EC0-301F-11D3-BF4B-00C04F79EFBC}") = "Ejercicio16", "EjercicioConObjetos\Ejercicio16.csproj", "{D412CBA1-FD0D-406F-BB78-130B57012A55}"
EndProject
Global
	GlobalSection(SolutionConfigurationPlatforms) = preSolution
		Debug|Any CPU = Debug|Any CPU
		Release|Any CPU = Release|Any CPU
	EndGlobalSection
	GlobalSection(ProjectConfigurationPlatforms) = postSolution
		{D412CBA1-FD0D-406F-BB78-130B57012A55}.Debug|Any CPU.ActiveCfg = Debug|Any CPU
		{D412CBA1-FD0D-406F-BB78-130B57012A55}.Debug|Any CPU.Build.0 = Debug|Any CPU
		{D412CBA1-FD0D-406F-BB78-130B57012A55}.Release|Any CPU.ActiveCfg = Release|Any CPU
		{D412CBA1-FD0D-406F-BB78-130B57012A55}.Release|Any CPU.Build.0 = Release|Any CPU
	EndGlobalSection
	GlobalSection(SolutionProperties) = preSolution
		HideSolutionNode = FALSE
	EndGlobalSection
	GlobalSection(ExtensibilityGlobals) = postSolution
		SolutionGuid = {91584D5E-9B96-410A-8085-B9C2500CC883}
	EndGlobalSection
EndGlobal
