
Microsoft Visual Studio Solution File, Format Version 12.00
# Visual Studio Version 16
VisualStudioVersion = 16.0.29920.165
MinimumVisualStudioVersion = 10.0.40219.1
Project("{FAE04EC0-301F-11D3-BF4B-00C04F79EFBC}") = "Clase_7", "Clase_7\Clase_7.csproj", "{C920CA74-5F4B-46C3-B4E7-9330BF0C8D84}"
EndProject
Project("{FAE04EC0-301F-11D3-BF4B-00C04F79EFBC}") = "Entidades", "Entidades\Entidades.csproj", "{74EEE477-D8E7-4F87-83E1-944A8985E18C}"
EndProject
Global
	GlobalSection(SolutionConfigurationPlatforms) = preSolution
		Debug|Any CPU = Debug|Any CPU
		Release|Any CPU = Release|Any CPU
	EndGlobalSection
	GlobalSection(ProjectConfigurationPlatforms) = postSolution
		{C920CA74-5F4B-46C3-B4E7-9330BF0C8D84}.Debug|Any CPU.ActiveCfg = Debug|Any CPU
		{C920CA74-5F4B-46C3-B4E7-9330BF0C8D84}.Debug|Any CPU.Build.0 = Debug|Any CPU
		{C920CA74-5F4B-46C3-B4E7-9330BF0C8D84}.Release|Any CPU.ActiveCfg = Release|Any CPU
		{C920CA74-5F4B-46C3-B4E7-9330BF0C8D84}.Release|Any CPU.Build.0 = Release|Any CPU
		{74EEE477-D8E7-4F87-83E1-944A8985E18C}.Debug|Any CPU.ActiveCfg = Debug|Any CPU
		{74EEE477-D8E7-4F87-83E1-944A8985E18C}.Debug|Any CPU.Build.0 = Debug|Any CPU
		{74EEE477-D8E7-4F87-83E1-944A8985E18C}.Release|Any CPU.ActiveCfg = Release|Any CPU
		{74EEE477-D8E7-4F87-83E1-944A8985E18C}.Release|Any CPU.Build.0 = Release|Any CPU
	EndGlobalSection
	GlobalSection(SolutionProperties) = preSolution
		HideSolutionNode = FALSE
	EndGlobalSection
	GlobalSection(ExtensibilityGlobals) = postSolution
		SolutionGuid = {481C1A62-78C1-491B-A711-C5F2B13B94F6}
	EndGlobalSection
EndGlobal
