
Microsoft Visual Studio Solution File, Format Version 12.00
# Visual Studio Version 16
VisualStudioVersion = 16.0.29920.165
MinimumVisualStudioVersion = 10.0.40219.1
Project("{FAE04EC0-301F-11D3-BF4B-00C04F79EFBC}") = "ConsoleApp1", "ConsoleApp1\ConsoleApp1.csproj", "{DCDEBC96-A19E-4963-B017-FAE5D34D4EBA}"
EndProject
Project("{FAE04EC0-301F-11D3-BF4B-00C04F79EFBC}") = "Biblioteca", "Biblioteca\Biblioteca.csproj", "{EB325276-1F3C-4C42-8B2B-EC397CF49CC3}"
EndProject
Project("{FAE04EC0-301F-11D3-BF4B-00C04F79EFBC}") = "EjercicioDos", "EjercicioDos\EjercicioDos.csproj", "{4F1821A0-DF81-4B14-941D-BEB3D41432F7}"
EndProject
Project("{FAE04EC0-301F-11D3-BF4B-00C04F79EFBC}") = "EjercicioTres", "EjercicioTres\EjercicioTres.csproj", "{6277AC8B-A1D4-48A3-A3B9-BCBBDDE2387B}"
EndProject
Project("{FAE04EC0-301F-11D3-BF4B-00C04F79EFBC}") = "EjercicioOcho", "EjercicioOcho\EjercicioOcho.csproj", "{C7920016-0AA6-4856-AB2C-DABA77D013D7}"
EndProject
Global
	GlobalSection(SolutionConfigurationPlatforms) = preSolution
		Debug|Any CPU = Debug|Any CPU
		Release|Any CPU = Release|Any CPU
	EndGlobalSection
	GlobalSection(ProjectConfigurationPlatforms) = postSolution
		{DCDEBC96-A19E-4963-B017-FAE5D34D4EBA}.Debug|Any CPU.ActiveCfg = Debug|Any CPU
		{DCDEBC96-A19E-4963-B017-FAE5D34D4EBA}.Debug|Any CPU.Build.0 = Debug|Any CPU
		{DCDEBC96-A19E-4963-B017-FAE5D34D4EBA}.Release|Any CPU.ActiveCfg = Release|Any CPU
		{DCDEBC96-A19E-4963-B017-FAE5D34D4EBA}.Release|Any CPU.Build.0 = Release|Any CPU
		{EB325276-1F3C-4C42-8B2B-EC397CF49CC3}.Debug|Any CPU.ActiveCfg = Debug|Any CPU
		{EB325276-1F3C-4C42-8B2B-EC397CF49CC3}.Debug|Any CPU.Build.0 = Debug|Any CPU
		{EB325276-1F3C-4C42-8B2B-EC397CF49CC3}.Release|Any CPU.ActiveCfg = Release|Any CPU
		{EB325276-1F3C-4C42-8B2B-EC397CF49CC3}.Release|Any CPU.Build.0 = Release|Any CPU
		{4F1821A0-DF81-4B14-941D-BEB3D41432F7}.Debug|Any CPU.ActiveCfg = Debug|Any CPU
		{4F1821A0-DF81-4B14-941D-BEB3D41432F7}.Debug|Any CPU.Build.0 = Debug|Any CPU
		{4F1821A0-DF81-4B14-941D-BEB3D41432F7}.Release|Any CPU.ActiveCfg = Release|Any CPU
		{4F1821A0-DF81-4B14-941D-BEB3D41432F7}.Release|Any CPU.Build.0 = Release|Any CPU
		{6277AC8B-A1D4-48A3-A3B9-BCBBDDE2387B}.Debug|Any CPU.ActiveCfg = Debug|Any CPU
		{6277AC8B-A1D4-48A3-A3B9-BCBBDDE2387B}.Debug|Any CPU.Build.0 = Debug|Any CPU
		{6277AC8B-A1D4-48A3-A3B9-BCBBDDE2387B}.Release|Any CPU.ActiveCfg = Release|Any CPU
		{6277AC8B-A1D4-48A3-A3B9-BCBBDDE2387B}.Release|Any CPU.Build.0 = Release|Any CPU
		{C7920016-0AA6-4856-AB2C-DABA77D013D7}.Debug|Any CPU.ActiveCfg = Debug|Any CPU
		{C7920016-0AA6-4856-AB2C-DABA77D013D7}.Debug|Any CPU.Build.0 = Debug|Any CPU
		{C7920016-0AA6-4856-AB2C-DABA77D013D7}.Release|Any CPU.ActiveCfg = Release|Any CPU
		{C7920016-0AA6-4856-AB2C-DABA77D013D7}.Release|Any CPU.Build.0 = Release|Any CPU
	EndGlobalSection
	GlobalSection(SolutionProperties) = preSolution
		HideSolutionNode = FALSE
	EndGlobalSection
	GlobalSection(ExtensibilityGlobals) = postSolution
		SolutionGuid = {BEA7606C-6D87-4764-A3E0-F69A0797628C}
	EndGlobalSection
EndGlobal
